
Microsoft Visual Studio Solution File, Format Version 12.00
Project("{FAE04EC0-301F-11D3-BF4B-00C04F79EFBC}") = "WebApp", "WebApp\WebApp.csproj", "{AAE6AAFB-950D-440E-BDF2-A1C9A8030B5C}"
EndProject
Global
	GlobalSection(SolutionConfigurationPlatforms) = preSolution
		Debug|Any CPU = Debug|Any CPU
		Release|Any CPU = Release|Any CPU
	EndGlobalSection
	GlobalSection(ProjectConfigurationPlatforms) = postSolution
		{AAE6AAFB-950D-440E-BDF2-A1C9A8030B5C}.Debug|Any CPU.ActiveCfg = Debug|Any CPU
		{AAE6AAFB-950D-440E-BDF2-A1C9A8030B5C}.Debug|Any CPU.Build.0 = Debug|Any CPU
		{AAE6AAFB-950D-440E-BDF2-A1C9A8030B5C}.Release|Any CPU.ActiveCfg = Release|Any CPU
		{AAE6AAFB-950D-440E-BDF2-A1C9A8030B5C}.Release|Any CPU.Build.0 = Release|Any CPU
	EndGlobalSection
EndGlobal
